
Microsoft Visual Studio Solution File, Format Version 12.00
# Visual Studio Version 17
VisualStudioVersion = 17.3.32929.385
MinimumVisualStudioVersion = 10.0.40219.1
Project("{FAE04EC0-301F-11D3-BF4B-00C04F79EFBC}") = "MerchantAPI", "MerchantAPI.csproj", "{A55D9EA6-A3A2-4898-9F70-FC1A89D18FE0}"
EndProject
Global
	GlobalSection(SolutionConfigurationPlatforms) = preSolution
		Debug|Any CPU = Debug|Any CPU
		Release|Any CPU = Release|Any CPU
	EndGlobalSection
	GlobalSection(ProjectConfigurationPlatforms) = postSolution
		{A55D9EA6-A3A2-4898-9F70-FC1A89D18FE0}.Debug|Any CPU.ActiveCfg = Debug|Any CPU
		{A55D9EA6-A3A2-4898-9F70-FC1A89D18FE0}.Debug|Any CPU.Build.0 = Debug|Any CPU
		{A55D9EA6-A3A2-4898-9F70-FC1A89D18FE0}.Release|Any CPU.ActiveCfg = Release|Any CPU
		{A55D9EA6-A3A2-4898-9F70-FC1A89D18FE0}.Release|Any CPU.Build.0 = Release|Any CPU
	EndGlobalSection
	GlobalSection(SolutionProperties) = preSolution
		HideSolutionNode = FALSE
	EndGlobalSection
	GlobalSection(ExtensibilityGlobals) = postSolution
		SolutionGuid = {BD1744A1-752D-42D2-B770-6E00049923CE}
	EndGlobalSection
EndGlobal
